
Microsoft Visual Studio Solution File, Format Version 12.00
# Visual Studio Version 16
VisualStudioVersion = 16.0.31424.327
MinimumVisualStudioVersion = 10.0.40219.1
Project("{9A19103F-16F7-4668-BE54-9A1E7A4F7556}") = "Timing", "Timing\Timing.csproj", "{4E4E73C7-5CC2-4085-8AB3-A593A141BE31}"
EndProject
Project("{FAE04EC0-301F-11D3-BF4B-00C04F79EFBC}") = "Timing.Tests", "Timing.Tests\Timing.Tests.csproj", "{1E1BA862-CA74-4485-997E-112CA02ADD7C}"
EndProject
Global
	GlobalSection(SolutionConfigurationPlatforms) = preSolution
		Debug|Any CPU = Debug|Any CPU
		Release|Any CPU = Release|Any CPU
	EndGlobalSection
	GlobalSection(ProjectConfigurationPlatforms) = postSolution
		{4E4E73C7-5CC2-4085-8AB3-A593A141BE31}.Debug|Any CPU.ActiveCfg = Debug|Any CPU
		{4E4E73C7-5CC2-4085-8AB3-A593A141BE31}.Debug|Any CPU.Build.0 = Debug|Any CPU
		{4E4E73C7-5CC2-4085-8AB3-A593A141BE31}.Release|Any CPU.ActiveCfg = Release|Any CPU
		{4E4E73C7-5CC2-4085-8AB3-A593A141BE31}.Release|Any CPU.Build.0 = Release|Any CPU
		{1E1BA862-CA74-4485-997E-112CA02ADD7C}.Debug|Any CPU.ActiveCfg = Debug|Any CPU
		{1E1BA862-CA74-4485-997E-112CA02ADD7C}.Debug|Any CPU.Build.0 = Debug|Any CPU
		{1E1BA862-CA74-4485-997E-112CA02ADD7C}.Release|Any CPU.ActiveCfg = Release|Any CPU
		{1E1BA862-CA74-4485-997E-112CA02ADD7C}.Release|Any CPU.Build.0 = Release|Any CPU
	EndGlobalSection
	GlobalSection(SolutionProperties) = preSolution
		HideSolutionNode = FALSE
	EndGlobalSection
	GlobalSection(ExtensibilityGlobals) = postSolution
		SolutionGuid = {4481462B-2A60-4D55-8429-9FEC717A79ED}
	EndGlobalSection
EndGlobal
